
Microsoft Visual Studio Solution File, Format Version 12.00
# Visual Studio Version 16
VisualStudioVersion = 16.0.30611.23
MinimumVisualStudioVersion = 10.0.40219.1
Project("{FAE04EC0-301F-11D3-BF4B-00C04F79EFBC}") = "Zadanie 2 .Net", "Zadanie 2 .Net.csproj", "{2BEE556B-A34F-42D0-8CF5-5549BECBF5F1}"
EndProject
Global
	GlobalSection(SolutionConfigurationPlatforms) = preSolution
		Debug|Any CPU = Debug|Any CPU
		Release|Any CPU = Release|Any CPU
	EndGlobalSection
	GlobalSection(ProjectConfigurationPlatforms) = postSolution
		{2BEE556B-A34F-42D0-8CF5-5549BECBF5F1}.Debug|Any CPU.ActiveCfg = Debug|Any CPU
		{2BEE556B-A34F-42D0-8CF5-5549BECBF5F1}.Debug|Any CPU.Build.0 = Debug|Any CPU
		{2BEE556B-A34F-42D0-8CF5-5549BECBF5F1}.Release|Any CPU.ActiveCfg = Release|Any CPU
		{2BEE556B-A34F-42D0-8CF5-5549BECBF5F1}.Release|Any CPU.Build.0 = Release|Any CPU
	EndGlobalSection
	GlobalSection(SolutionProperties) = preSolution
		HideSolutionNode = FALSE
	EndGlobalSection
	GlobalSection(ExtensibilityGlobals) = postSolution
		SolutionGuid = {9771A2BD-12AC-458B-BB63-4B45258A7B42}
	EndGlobalSection
EndGlobal
